<?xml version="1.0" encoding="utf-8"?>
<Project ToolsVersion="4.0" xmlns="http://schemas.microsoft.com/developer/msbuild/2003">
  <ItemGroup>
    <Filter Include="소스 파일">
      <UniqueIdentifier>{4FC737F1-C7A5-4376-A066-2A32D752A2FF}</UniqueIdentifier>
      <Extensions>cpp;c;cc;cxx;c++;cppm;ixx;def;odl;idl;hpj;bat;asm;asmx</Extensions>
    </Filter>
    <Filter Include="헤더 파일">
      <UniqueIdentifier>{93995380-89BD-4b04-88EB-625FBE52EBFB}</UniqueIdentifier>
      <Extensions>h;hh;hpp;hxx;h++;hm;inl;inc;ipp;xsd</Extensions>
    </Filter>
    <Filter Include="리소스 파일">
      <UniqueIdentifier>{67DA6AB6-F800-4c08-8B7A-83BB121AAD01}</UniqueIdentifier>
      <Extensions>rc;ico;cur;bmp;dlg;rc2;rct;bin;rgs;gif;jpg;jpeg;jpe;resx;tiff;tif;png;wav;mfcribbon-ms</Extensions>
    </Filter>
  </ItemGroup>
  <ItemGroup>
    <ClInclude Include="VPC_2019132003_GGR.h">
      <Filter>헤더 파일</Filter>
    </ClInclude>
    <ClInclude Include="framework.h">
      <Filter>헤더 파일</Filter>
    </ClInclude>
    <ClInclude Include="targetver.h">
      <Filter>헤더 파일</Filter>
    </ClInclude>
    <ClInclude Include="MainFrm.h">
      <Filter>헤더 파일</Filter>
    </ClInclude>
    <ClInclude Include="VPC_2019132003_GGRDoc.h">
      <Filter>헤더 파일</Filter>
    </ClInclude>
    <ClInclude Include="VPC_2019132003_GGRView.h">
      <Filter>헤더 파일</Filter>
    </ClInclude>
    <ClInclude Include="Resource.h">
      <Filter>헤더 파일</Filter>
    </ClInclude>
    <ClInclude Include="pch.h">
      <Filter>헤더 파일</Filter>
    </ClInclude>
    <ClInclude Include="PLANET.h">
      <Filter>헤더 파일</Filter>
    </ClInclude>
    <ClInclude Include="ORBIT.h">
      <Filter>헤더 파일</Filter>
    </ClInclude>
    <ClInclude Include="ORBIT_SETTLE.h">
      <Filter>헤더 파일</Filter>
    </ClInclude>
    <ClInclude Include="Edit_ExPlanet.h">
      <Filter>헤더 파일</Filter>
    </ClInclude>
    <ClInclude Include="ADD_PLANET.h">
      <Filter>헤더 파일</Filter>
    </ClInclude>
    <ClInclude Include="Edit_Moon.h">
      <Filter>헤더 파일</Filter>
    </ClInclude>
    <ClInclude Include="ADD_SETTLE.h">
      <Filter>헤더 파일</Filter>
    </ClInclude>
    <ClInclude Include="Delete_Planet.h">
      <Filter>헤더 파일</Filter>
    </ClInclude>
    <ClInclude Include="SETTLLITE.h">
      <Filter>헤더 파일</Filter>
    </ClInclude>
    <ClInclude Include="ListenSocket.h">
      <Filter>헤더 파일</Filter>
    </ClInclude>
    <ClInclude Include="DataSocket.h">
      <Filter>헤더 파일</Filter>
    </ClInclude>
  </ItemGroup>
  <ItemGroup>
    <ClCompile Include="VPC_2019132003_GGR.cpp">
      <Filter>소스 파일</Filter>
    </ClCompile>
    <ClCompile Include="MainFrm.cpp">
      <Filter>소스 파일</Filter>
    </ClCompile>
    <ClCompile Include="VPC_2019132003_GGRDoc.cpp">
      <Filter>소스 파일</Filter>
    </ClCompile>
    <ClCompile Include="VPC_2019132003_GGRView.cpp">
      <Filter>소스 파일</Filter>
    </ClCompile>
    <ClCompile Include="pch.cpp">
      <Filter>소스 파일</Filter>
    </ClCompile>
    <ClCompile Include="PLANET.cpp">
      <Filter>소스 파일</Filter>
    </ClCompile>
    <ClCompile Include="ORBIT.cpp">
      <Filter>소스 파일</Filter>
    </ClCompile>
    <ClCompile Include="ORBIT_SETTLE.cpp">
      <Filter>소스 파일</Filter>
    </ClCompile>
    <ClCompile Include="Edit_ExPlanet.cpp">
      <Filter>소스 파일</Filter>
    </ClCompile>
    <ClCompile Include="ADD_PLANET.cpp">
      <Filter>소스 파일</Filter>
    </ClCompile>
    <ClCompile Include="Edit_Moon.cpp">
      <Filter>소스 파일</Filter>
    </ClCompile>
    <ClCompile Include="ADD_SETTLE.cpp">
      <Filter>소스 파일</Filter>
    </ClCompile>
    <ClCompile Include="Delete_Planet.cpp">
      <Filter>소스 파일</Filter>
    </ClCompile>
    <ClCompile Include="SETTLLITE.cpp">
      <Filter>소스 파일</Filter>
    </ClCompile>
    <ClCompile Include="ListenSocket.cpp">
      <Filter>소스 파일</Filter>
    </ClCompile>
    <ClCompile Include="DataSocket.cpp">
      <Filter>소스 파일</Filter>
    </ClCompile>
  </ItemGroup>
  <ItemGroup>
    <ResourceCompile Include="VPC2019132003GGR.rc">
      <Filter>리소스 파일</Filter>
    </ResourceCompile>
  </ItemGroup>
  <ItemGroup>
    <None Include="res\VPC2019132003GGR.rc2">
      <Filter>리소스 파일</Filter>
    </None>
  </ItemGroup>
  <ItemGroup>
    <Image Include="res\VPC_2019132003_GGRDoc.ico">
      <Filter>리소스 파일</Filter>
    </Image>
    <Image Include="res\VPC_2019132003_GGR.ico">
      <Filter>리소스 파일</Filter>
    </Image>
    <Image Include="res\Toolbar.bmp">
      <Filter>리소스 파일</Filter>
    </Image>
  </ItemGroup>
</Project>